
Microsoft Visual Studio Solution File, Format Version 12.00
# Visual Studio 15
VisualStudioVersion = 15.0.26020.0
MinimumVisualStudioVersion = 10.0.40219.1
Project("{FAE04EC0-301F-11D3-BF4B-00C04F79EFBC}") = "loginTest", "loginTest\loginTest.csproj", "{763AA8E6-0366-4F41-9EA1-ABAD79930532}"
EndProject
Project("{ACA99D24-2A4B-4C16-9E92-13D6ABC4AC35}") = "SetupYanProduction", "SetupYanProduction\SetupYanProduction.isproj", "{3C093FCE-C129-4456-BF10-E1F1F9993C17}"
	ProjectSection(ProjectDependencies) = postProject
		{763AA8E6-0366-4F41-9EA1-ABAD79930532} = {763AA8E6-0366-4F41-9EA1-ABAD79930532}
	EndProjectSection
EndProject
Project("{ACA99D24-2A4B-4C16-9E92-13D6ABC4AC35}") = "YanCNCSetupApp", "YanCNCSetupApp\YanCNCSetupApp.isproj", "{C23C76CD-ECF6-4E60-A4FC-6A066E1DAF2D}"
	ProjectSection(ProjectDependencies) = postProject
		{763AA8E6-0366-4F41-9EA1-ABAD79930532} = {763AA8E6-0366-4F41-9EA1-ABAD79930532}
	EndProjectSection
EndProject
Global
	GlobalSection(SolutionConfigurationPlatforms) = preSolution
		CD_ROM|Any CPU = CD_ROM|Any CPU
		Custom|Any CPU = Custom|Any CPU
		Debug|Any CPU = Debug|Any CPU
		DVD-10|Any CPU = DVD-10|Any CPU
		DVD-18|Any CPU = DVD-18|Any CPU
		DVD-5|Any CPU = DVD-5|Any CPU
		DVD-9|Any CPU = DVD-9|Any CPU
		Release|Any CPU = Release|Any CPU
		SingleImage|Any CPU = SingleImage|Any CPU
		WebDeployment|Any CPU = WebDeployment|Any CPU
	EndGlobalSection
	GlobalSection(ProjectConfigurationPlatforms) = postSolution
		{763AA8E6-0366-4F41-9EA1-ABAD79930532}.CD_ROM|Any CPU.ActiveCfg = Release|Any CPU
		{763AA8E6-0366-4F41-9EA1-ABAD79930532}.CD_ROM|Any CPU.Build.0 = Release|Any CPU
		{763AA8E6-0366-4F41-9EA1-ABAD79930532}.Custom|Any CPU.ActiveCfg = Release|Any CPU
		{763AA8E6-0366-4F41-9EA1-ABAD79930532}.Custom|Any CPU.Build.0 = Release|Any CPU
		{763AA8E6-0366-4F41-9EA1-ABAD79930532}.Debug|Any CPU.ActiveCfg = Debug|Any CPU
		{763AA8E6-0366-4F41-9EA1-ABAD79930532}.Debug|Any CPU.Build.0 = Debug|Any CPU
		{763AA8E6-0366-4F41-9EA1-ABAD79930532}.DVD-10|Any CPU.ActiveCfg = Debug|Any CPU
		{763AA8E6-0366-4F41-9EA1-ABAD79930532}.DVD-10|Any CPU.Build.0 = Debug|Any CPU
		{763AA8E6-0366-4F41-9EA1-ABAD79930532}.DVD-18|Any CPU.ActiveCfg = Debug|Any CPU
		{763AA8E6-0366-4F41-9EA1-ABAD79930532}.DVD-18|Any CPU.Build.0 = Debug|Any CPU
		{763AA8E6-0366-4F41-9EA1-ABAD79930532}.DVD-5|Any CPU.ActiveCfg = Debug|Any CPU
		{763AA8E6-0366-4F41-9EA1-ABAD79930532}.DVD-5|Any CPU.Build.0 = Debug|Any CPU
		{763AA8E6-0366-4F41-9EA1-ABAD79930532}.DVD-9|Any CPU.ActiveCfg = Debug|Any CPU
		{763AA8E6-0366-4F41-9EA1-ABAD79930532}.DVD-9|Any CPU.Build.0 = Debug|Any CPU
		{763AA8E6-0366-4F41-9EA1-ABAD79930532}.Release|Any CPU.ActiveCfg = Release|Any CPU
		{763AA8E6-0366-4F41-9EA1-ABAD79930532}.Release|Any CPU.Build.0 = Release|Any CPU
		{763AA8E6-0366-4F41-9EA1-ABAD79930532}.SingleImage|Any CPU.ActiveCfg = Release|Any CPU
		{763AA8E6-0366-4F41-9EA1-ABAD79930532}.SingleImage|Any CPU.Build.0 = Release|Any CPU
		{763AA8E6-0366-4F41-9EA1-ABAD79930532}.WebDeployment|Any CPU.ActiveCfg = Release|Any CPU
		{763AA8E6-0366-4F41-9EA1-ABAD79930532}.WebDeployment|Any CPU.Build.0 = Release|Any CPU
		{3C093FCE-C129-4456-BF10-E1F1F9993C17}.CD_ROM|Any CPU.ActiveCfg = CD_ROM
		{3C093FCE-C129-4456-BF10-E1F1F9993C17}.CD_ROM|Any CPU.Build.0 = CD_ROM
		{3C093FCE-C129-4456-BF10-E1F1F9993C17}.Custom|Any CPU.ActiveCfg = Custom
		{3C093FCE-C129-4456-BF10-E1F1F9993C17}.Custom|Any CPU.Build.0 = Custom
		{3C093FCE-C129-4456-BF10-E1F1F9993C17}.Debug|Any CPU.ActiveCfg = DVD-9
		{3C093FCE-C129-4456-BF10-E1F1F9993C17}.Debug|Any CPU.Build.0 = DVD-9
		{3C093FCE-C129-4456-BF10-E1F1F9993C17}.DVD-10|Any CPU.ActiveCfg = DVD-10
		{3C093FCE-C129-4456-BF10-E1F1F9993C17}.DVD-10|Any CPU.Build.0 = DVD-10
		{3C093FCE-C129-4456-BF10-E1F1F9993C17}.DVD-18|Any CPU.ActiveCfg = DVD-18
		{3C093FCE-C129-4456-BF10-E1F1F9993C17}.DVD-18|Any CPU.Build.0 = DVD-18
		{3C093FCE-C129-4456-BF10-E1F1F9993C17}.DVD-5|Any CPU.ActiveCfg = DVD-5
		{3C093FCE-C129-4456-BF10-E1F1F9993C17}.DVD-5|Any CPU.Build.0 = DVD-5
		{3C093FCE-C129-4456-BF10-E1F1F9993C17}.DVD-9|Any CPU.ActiveCfg = DVD-9
		{3C093FCE-C129-4456-BF10-E1F1F9993C17}.DVD-9|Any CPU.Build.0 = DVD-9
		{3C093FCE-C129-4456-BF10-E1F1F9993C17}.Release|Any CPU.ActiveCfg = WebDeployment
		{3C093FCE-C129-4456-BF10-E1F1F9993C17}.Release|Any CPU.Build.0 = WebDeployment
		{3C093FCE-C129-4456-BF10-E1F1F9993C17}.SingleImage|Any CPU.ActiveCfg = SingleImage
		{3C093FCE-C129-4456-BF10-E1F1F9993C17}.SingleImage|Any CPU.Build.0 = SingleImage
		{3C093FCE-C129-4456-BF10-E1F1F9993C17}.WebDeployment|Any CPU.ActiveCfg = WebDeployment
		{3C093FCE-C129-4456-BF10-E1F1F9993C17}.WebDeployment|Any CPU.Build.0 = WebDeployment
		{C23C76CD-ECF6-4E60-A4FC-6A066E1DAF2D}.CD_ROM|Any CPU.ActiveCfg = CD_ROM
		{C23C76CD-ECF6-4E60-A4FC-6A066E1DAF2D}.CD_ROM|Any CPU.Build.0 = CD_ROM
		{C23C76CD-ECF6-4E60-A4FC-6A066E1DAF2D}.Custom|Any CPU.ActiveCfg = Custom
		{C23C76CD-ECF6-4E60-A4FC-6A066E1DAF2D}.Custom|Any CPU.Build.0 = Custom
		{C23C76CD-ECF6-4E60-A4FC-6A066E1DAF2D}.Debug|Any CPU.ActiveCfg = DVD-9
		{C23C76CD-ECF6-4E60-A4FC-6A066E1DAF2D}.Debug|Any CPU.Build.0 = DVD-9
		{C23C76CD-ECF6-4E60-A4FC-6A066E1DAF2D}.DVD-10|Any CPU.ActiveCfg = DVD-10
		{C23C76CD-ECF6-4E60-A4FC-6A066E1DAF2D}.DVD-10|Any CPU.Build.0 = DVD-10
		{C23C76CD-ECF6-4E60-A4FC-6A066E1DAF2D}.DVD-18|Any CPU.ActiveCfg = DVD-18
		{C23C76CD-ECF6-4E60-A4FC-6A066E1DAF2D}.DVD-18|Any CPU.Build.0 = DVD-18
		{C23C76CD-ECF6-4E60-A4FC-6A066E1DAF2D}.DVD-5|Any CPU.ActiveCfg = DVD-5
		{C23C76CD-ECF6-4E60-A4FC-6A066E1DAF2D}.DVD-5|Any CPU.Build.0 = DVD-5
		{C23C76CD-ECF6-4E60-A4FC-6A066E1DAF2D}.DVD-9|Any CPU.ActiveCfg = DVD-9
		{C23C76CD-ECF6-4E60-A4FC-6A066E1DAF2D}.DVD-9|Any CPU.Build.0 = DVD-9
		{C23C76CD-ECF6-4E60-A4FC-6A066E1DAF2D}.Release|Any CPU.ActiveCfg = WebDeployment
		{C23C76CD-ECF6-4E60-A4FC-6A066E1DAF2D}.Release|Any CPU.Build.0 = WebDeployment
		{C23C76CD-ECF6-4E60-A4FC-6A066E1DAF2D}.SingleImage|Any CPU.ActiveCfg = SingleImage
		{C23C76CD-ECF6-4E60-A4FC-6A066E1DAF2D}.SingleImage|Any CPU.Build.0 = SingleImage
		{C23C76CD-ECF6-4E60-A4FC-6A066E1DAF2D}.WebDeployment|Any CPU.ActiveCfg = WebDeployment
		{C23C76CD-ECF6-4E60-A4FC-6A066E1DAF2D}.WebDeployment|Any CPU.Build.0 = WebDeployment
	EndGlobalSection
	GlobalSection(SolutionProperties) = preSolution
		HideSolutionNode = FALSE
	EndGlobalSection
EndGlobal
